{
  "requires": true,
  "lockfileVersion": 1,
  "dependencies": {
    "pubsub-js": {
      "version": "1.6.1",
      "resolved": "https://registry.npmjs.org/pubsub-js/-/pubsub-js-1.6.1.tgz",
      "integrity": "sha512-GUQvaWIAPZJ0G4fmKR9nOVtGGU0wgJjp65wiVvp3UtL/1e1Yj7u029M+fIhuWYs3cowuEclOhVATXJPDfmfDww=="
    }
  }
}
